// !$*UTF8*$!
{
	archiveVersion = 1;
	classes = {
	};
	objectVersion = 56;
	objects = {

/* Begin PBXBuildFile section */
		FA8356A52A8D3A2F001769E8 /* AppDelegate.swift in Sources */ = {isa = PBXBuildFile; fileRef = FA8356A42A8D3A2F001769E8 /* AppDelegate.swift */; };
		FA8356A72A8D3A2F001769E8 /* SceneDelegate.swift in Sources */ = {isa = PBXBuildFile; fileRef = FA8356A62A8D3A2F001769E8 /* SceneDelegate.swift */; };
		FA8356A92A8D3A2F001769E8 /* MainViewController.swift in Sources */ = {isa = PBXBuildFile; fileRef = FA8356A82A8D3A2F001769E8 /* MainViewController.swift */; };
		FA8356AC2A8D3A2F001769E8 /* Main.storyboard in Resources */ = {isa = PBXBuildFile; fileRef = FA8356AA2A8D3A2F001769E8 /* Main.storyboard */; };
		FA8356AE2A8D3A30001769E8 /* Assets.xcassets in Resources */ = {isa = PBXBuildFile; fileRef = FA8356AD2A8D3A30001769E8 /* Assets.xcassets */; };
		FA8356B12A8D3A30001769E8 /* LaunchScreen.storyboard in Resources */ = {isa = PBXBuildFile; fileRef = FA8356AF2A8D3A30001769E8 /* LaunchScreen.storyboard */; };
		FA8356BB2A8D3EE5001769E8 /* UserActionCell.swift in Sources */ = {isa = PBXBuildFile; fileRef = FA8356BA2A8D3EE5001769E8 /* UserActionCell.swift */; };
		FACD75AC2A98E7BF00646A0A /* NetworkManager.swift in Sources */ = {isa = PBXBuildFile; fileRef = FACD75AB2A98E7BF00646A0A /* NetworkManager.swift */; };
		FAE8194A2A94FA4900014168 /* Offer.swift in Sources */ = {isa = PBXBuildFile; fileRef = FAE819492A94FA4900014168 /* Offer.swift */; };
/* End PBXBuildFile section */

/* Begin PBXFileReference section */
		FA8356A12A8D3A2F001769E8 /* AvitoTestApp.app */ = {isa = PBXFileReference; explicitFileType = wrapper.application; includeInIndex = 0; path = AvitoTestApp.app; sourceTree = BUILT_PRODUCTS_DIR; };
		FA8356A42A8D3A2F001769E8 /* AppDelegate.swift */ = {isa = PBXFileReference; lastKnownFileType = sourcecode.swift; path = AppDelegate.swift; sourceTree = "<group>"; };
		FA8356A62A8D3A2F001769E8 /* SceneDelegate.swift */ = {isa = PBXFileReference; lastKnownFileType = sourcecode.swift; path = SceneDelegate.swift; sourceTree = "<group>"; };
		FA8356A82A8D3A2F001769E8 /* MainViewController.swift */ = {isa = PBXFileReference; lastKnownFileType = sourcecode.swift; path = MainViewController.swift; sourceTree = "<group>"; };
		FA8356AB2A8D3A2F001769E8 /* Base */ = {isa = PBXFileReference; lastKnownFileType = file.storyboard; name = Base; path = Base.lproj/Main.storyboard; sourceTree = "<group>"; };
		FA8356AD2A8D3A30001769E8 /* Assets.xcassets */ = {isa = PBXFileReference; lastKnownFileType = folder.assetcatalog; path = Assets.xcassets; sourceTree = "<group>"; };
		FA8356B02A8D3A30001769E8 /* Base */ = {isa = PBXFileReference; lastKnownFileType = file.storyboard; name = Base; path = Base.lproj/LaunchScreen.storyboard; sourceTree = "<group>"; };
		FA8356B22A8D3A30001769E8 /* Info.plist */ = {isa = PBXFileReference; lastKnownFileType = text.plist.xml; path = Info.plist; sourceTree = "<group>"; };
		FA8356BA2A8D3EE5001769E8 /* UserActionCell.swift */ = {isa = PBXFileReference; lastKnownFileType = sourcecode.swift; path = UserActionCell.swift; sourceTree = "<group>"; };
		FACD75AB2A98E7BF00646A0A /* NetworkManager.swift */ = {isa = PBXFileReference; lastKnownFileType = sourcecode.swift; path = NetworkManager.swift; sourceTree = "<group>"; };
		FAE819492A94FA4900014168 /* Offer.swift */ = {isa = PBXFileReference; lastKnownFileType = sourcecode.swift; path = Offer.swift; sourceTree = "<group>"; };
/* End PBXFileReference section */

/* Begin PBXFrameworksBuildPhase section */
		FA83569E2A8D3A2F001769E8 /* Frameworks */ = {
			isa = PBXFrameworksBuildPhase;
			buildActionMask = 2147483647;
			files = (
			);
			runOnlyForDeploymentPostprocessing = 0;
		};
/* End PBXFrameworksBuildPhase section */

/* Begin PBXGroup section */
		FA8356982A8D3A2F001769E8 = {
			isa = PBXGroup;
			children = (
				FA8356A32A8D3A2F001769E8 /* AvitoTestApp */,
				FA8356A22A8D3A2F001769E8 /* Products */,
			);
			sourceTree = "<group>";
		};
		FA8356A22A8D3A2F001769E8 /* Products */ = {
			isa = PBXGroup;
			children = (
				FA8356A12A8D3A2F001769E8 /* AvitoTestApp.app */,
			);
			name = Products;
			sourceTree = "<group>";
		};
		FA8356A32A8D3A2F001769E8 /* AvitoTestApp */ = {
			isa = PBXGroup;
			children = (
				FAA629382A97C4C0005F1EBB /* App */,
				FAA629352A97C485005F1EBB /* ViewControllers */,
				FAA629362A97C499005F1EBB /* Views */,
				FAA629342A97C456005F1EBB /* Models */,
				FACD75AD2A98E7FD00646A0A /* Services */,
				FAA629332A97C446005F1EBB /* Storyboards */,
				FAA629372A97C4AD005F1EBB /* Resources */,
			);
			path = AvitoTestApp;
			sourceTree = "<group>";
		};
		FAA629332A97C446005F1EBB /* Storyboards */ = {
			isa = PBXGroup;
			children = (
				FA8356AA2A8D3A2F001769E8 /* Main.storyboard */,
				FA8356AF2A8D3A30001769E8 /* LaunchScreen.storyboard */,
			);
			path = Storyboards;
			sourceTree = "<group>";
		};
		FAA629342A97C456005F1EBB /* Models */ = {
			isa = PBXGroup;
			children = (
				FAE819492A94FA4900014168 /* Offer.swift */,
			);
			path = Models;
			sourceTree = "<group>";
		};
		FAA629352A97C485005F1EBB /* ViewControllers */ = {
			isa = PBXGroup;
			children = (
				FA8356A82A8D3A2F001769E8 /* MainViewController.swift */,
			);
			path = ViewControllers;
			sourceTree = "<group>";
		};
		FAA629362A97C499005F1EBB /* Views */ = {
			isa = PBXGroup;
			children = (
				FA8356BA2A8D3EE5001769E8 /* UserActionCell.swift */,
			);
			path = Views;
			sourceTree = "<group>";
		};
		FAA629372A97C4AD005F1EBB /* Resources */ = {
			isa = PBXGroup;
			children = (
				FA8356AD2A8D3A30001769E8 /* Assets.xcassets */,
			);
			path = Resources;
			sourceTree = "<group>";
		};
		FAA629382A97C4C0005F1EBB /* App */ = {
			isa = PBXGroup;
			children = (
				FA8356A42A8D3A2F001769E8 /* AppDelegate.swift */,
				FA8356A62A8D3A2F001769E8 /* SceneDelegate.swift */,
				FA8356B22A8D3A30001769E8 /* Info.plist */,
			);
			path = App;
			sourceTree = "<group>";
		};
		FACD75AD2A98E7FD00646A0A /* Services */ = {
			isa = PBXGroup;
			children = (
				FACD75AB2A98E7BF00646A0A /* NetworkManager.swift */,
			);
			path = Services;
			sourceTree = "<group>";
		};
/* End PBXGroup section */

/* Begin PBXNativeTarget section */
		FA8356A02A8D3A2F001769E8 /* AvitoTestApp */ = {
			isa = PBXNativeTarget;
			buildConfigurationList = FA8356B52A8D3A30001769E8 /* Build configuration list for PBXNativeTarget "AvitoTestApp" */;
			buildPhases = (
				FA83569D2A8D3A2F001769E8 /* Sources */,
				FA83569E2A8D3A2F001769E8 /* Frameworks */,
				FA83569F2A8D3A2F001769E8 /* Resources */,
			);
			buildRules = (
			);
			dependencies = (
			);
			name = AvitoTestApp;
			productName = AvitoTestApp;
			productReference = FA8356A12A8D3A2F001769E8 /* AvitoTestApp.app */;
			productType = "com.apple.product-type.application";
		};
/* End PBXNativeTarget section */

/* Begin PBXProject section */
		FA8356992A8D3A2F001769E8 /* Project object */ = {
			isa = PBXProject;
			attributes = {
				BuildIndependentTargetsInParallel = 1;
				LastSwiftUpdateCheck = 1430;
				LastUpgradeCheck = 1430;
				TargetAttributes = {
					FA8356A02A8D3A2F001769E8 = {
						CreatedOnToolsVersion = 14.3.1;
					};
				};
			};
			buildConfigurationList = FA83569C2A8D3A2F001769E8 /* Build configuration list for PBXProject "AvitoTestApp" */;
			compatibilityVersion = "Xcode 14.0";
			developmentRegion = en;
			hasScannedForEncodings = 0;
			knownRegions = (
				en,
				Base,
			);
			mainGroup = FA8356982A8D3A2F001769E8;
			productRefGroup = FA8356A22A8D3A2F001769E8 /* Products */;
			projectDirPath = "";
			projectRoot = "";
			targets = (
				FA8356A02A8D3A2F001769E8 /* AvitoTestApp */,
			);
		};
/* End PBXProject section */

/* Begin PBXResourcesBuildPhase section */
		FA83569F2A8D3A2F001769E8 /* Resources */ = {
			isa = PBXResourcesBuildPhase;
			buildActionMask = 2147483647;
			files = (
				FA8356B12A8D3A30001769E8 /* LaunchScreen.storyboard in Resources */,
				FA8356AE2A8D3A30001769E8 /* Assets.xcassets in Resources */,
				FA8356AC2A8D3A2F001769E8 /* Main.storyboard in Resources */,
			);
			runOnlyForDeploymentPostprocessing = 0;
		};
/* End PBXResourcesBuildPhase section */

/* Begin PBXSourcesBuildPhase section */
		FA83569D2A8D3A2F001769E8 /* Sources */ = {
			isa = PBXSourcesBuildPhase;
			buildActionMask = 2147483647;
			files = (
				FACD75AC2A98E7BF00646A0A /* NetworkManager.swift in Sources */,
				FAE8194A2A94FA4900014168 /* Offer.swift in Sources */,
				FA8356BB2A8D3EE5001769E8 /* UserActionCell.swift in Sources */,
				FA8356A92A8D3A2F001769E8 /* MainViewController.swift in Sources */,
				FA8356A52A8D3A2F001769E8 /* AppDelegate.swift in Sources */,
				FA8356A72A8D3A2F001769E8 /* SceneDelegate.swift in Sources */,
			);
			runOnlyForDeploymentPostprocessing = 0;
		};
/* End PBXSourcesBuildPhase section */

/* Begin PBXVariantGroup section */
		FA8356AA2A8D3A2F001769E8 /* Main.storyboard */ = {
			isa = PBXVariantGroup;
			children = (
				FA8356AB2A8D3A2F001769E8 /* Base */,
			);
			name = Main.storyboard;
			sourceTree = "<group>";
		};
		FA8356AF2A8D3A30001769E8 /* LaunchScreen.storyboard */ = {
			isa = PBXVariantGroup;
			children = (
				FA8356B02A8D3A30001769E8 /* Base */,
			);
			name = LaunchScreen.storyboard;
			sourceTree = "<group>";
		};
/* End PBXVariantGroup section */

/* Begin XCBuildConfiguration section */
		FA8356B32A8D3A30001769E8 /* Debug */ = {
			isa = XCBuildConfiguration;
			buildSettings = {
				ALWAYS_SEARCH_USER_PATHS = NO;
				CLANG_ANALYZER_NONNULL = YES;
				CLANG_ANALYZER_NUMBER_OBJECT_CONVERSION = YES_AGGRESSIVE;
				CLANG_CXX_LANGUAGE_STANDARD = "gnu++20";
				CLANG_ENABLE_MODULES = YES;
				CLANG_ENABLE_OBJC_ARC = YES;
				CLANG_ENABLE_OBJC_WEAK = YES;
				CLANG_WARN_BLOCK_CAPTURE_AUTORELEASING = YES;
				CLANG_WARN_BOOL_CONVERSION = YES;
				CLANG_WARN_COMMA = YES;
				CLANG_WARN_CONSTANT_CONVERSION = YES;
				CLANG_WARN_DEPRECATED_OBJC_IMPLEMENTATIONS = YES;
				CLANG_WARN_DIRECT_OBJC_ISA_USAGE = YES_ERROR;
				CLANG_WARN_DOCUMENTATION_COMMENTS = YES;
				CLANG_WARN_EMPTY_BODY = YES;
				CLANG_WARN_ENUM_CONVERSION = YES;
				CLANG_WARN_INFINITE_RECURSION = YES;
				CLANG_WARN_INT_CONVERSION = YES;
				CLANG_WARN_NON_LITERAL_NULL_CONVERSION = YES;
				CLANG_WARN_OBJC_IMPLICIT_RETAIN_SELF = YES;
				CLANG_WARN_OBJC_LITERAL_CONVERSION = YES;
				CLANG_WARN_OBJC_ROOT_CLASS = YES_ERROR;
				CLANG_WARN_QUOTED_INCLUDE_IN_FRAMEWORK_HEADER = YES;
				CLANG_WARN_RANGE_LOOP_ANALYSIS = YES;
				CLANG_WARN_STRICT_PROTOTYPES = YES;
				CLANG_WARN_SUSPICIOUS_MOVE = YES;
				CLANG_WARN_UNGUARDED_AVAILABILITY = YES_AGGRESSIVE;
				CLANG_WARN_UNREACHABLE_CODE = YES;
				CLANG_WARN__DUPLICATE_METHOD_MATCH = YES;
				COPY_PHASE_STRIP = NO;
				DEBUG_INFORMATION_FORMAT = dwarf;
				ENABLE_STRICT_OBJC_MSGSEND = YES;
				ENABLE_TESTABILITY = YES;
				GCC_C_LANGUAGE_STANDARD = gnu11;
				GCC_DYNAMIC_NO_PIC = NO;
				GCC_NO_COMMON_BLOCKS = YES;
				GCC_OPTIMIZATION_LEVEL = 0;
				GCC_PREPROCESSOR_DEFINITIONS = (
					"DEBUG=1",
					"$(inherited)",
				);
				GCC_WARN_64_TO_32_BIT_CONVERSION = YES;
				GCC_WARN_ABOUT_RETURN_TYPE = YES_ERROR;
				GCC_WARN_UNDECLARED_SELECTOR = YES;
				GCC_WARN_UNINITIALIZED_AUTOS = YES_AGGRESSIVE;
				GCC_WARN_UNUSED_FUNCTION = YES;
				GCC_WARN_UNUSED_VARIABLE = YES;
				IPHONEOS_DEPLOYMENT_TARGET = 16.4;
				MTL_ENABLE_DEBUG_INFO = INCLUDE_SOURCE;
				MTL_FAST_MATH = YES;
				ONLY_ACTIVE_ARCH = YES;
				SDKROOT = iphoneos;
				SWIFT_ACTIVE_COMPILATION_CONDITIONS = DEBUG;
				SWIFT_OPTIMIZATION_LEVEL = "-Onone";
			};
			name = Debug;
		};
		FA8356B42A8D3A30001769E8 /* Release */ = {
			isa = XCBuildConfiguration;
			buildSettings = {
				ALWAYS_SEARCH_USER_PATHS = NO;
				CLANG_ANALYZER_NONNULL = YES;
				CLANG_ANALYZER_NUMBER_OBJECT_CONVERSION = YES_AGGRESSIVE;
				CLANG_CXX_LANGUAGE_STANDARD = "gnu++20";
				CLANG_ENABLE_MODULES = YES;
				CLANG_ENABLE_OBJC_ARC = YES;
				CLANG_ENABLE_OBJC_WEAK = YES;
				CLANG_WARN_BLOCK_CAPTURE_AUTORELEASING = YES;
				CLANG_WARN_BOOL_CONVERSION = YES;
				CLANG_WARN_COMMA = YES;
				CLANG_WARN_CONSTANT_CONVERSION = YES;
				CLANG_WARN_DEPRECATED_OBJC_IMPLEMENTATIONS = YES;
				CLANG_WARN_DIRECT_OBJC_ISA_USAGE = YES_ERROR;
				CLANG_WARN_DOCUMENTATION_COMMENTS = YES;
				CLANG_WARN_EMPTY_BODY = YES;
				CLANG_WARN_ENUM_CONVERSION = YES;
				CLANG_WARN_INFINITE_RECURSION = YES;
				CLANG_WARN_INT_CONVERSION = YES;
				CLANG_WARN_NON_LITERAL_NULL_CONVERSION = YES;
				CLANG_WARN_OBJC_IMPLICIT_RETAIN_SELF = YES;
				CLANG_WARN_OBJC_LITERAL_CONVERSION = YES;
				CLANG_WARN_OBJC_ROOT_CLASS = YES_ERROR;
				CLANG_WARN_QUOTED_INCLUDE_IN_FRAMEWORK_HEADER = YES;
				CLANG_WARN_RANGE_LOOP_ANALYSIS = YES;
				CLANG_WARN_STRICT_PROTOTYPES = YES;
				CLANG_WARN_SUSPICIOUS_MOVE = YES;
				CLANG_WARN_UNGUARDED_AVAILABILITY = YES_AGGRESSIVE;
				CLANG_WARN_UNREACHABLE_CODE = YES;
				CLANG_WARN__DUPLICATE_METHOD_MATCH = YES;
				COPY_PHASE_STRIP = NO;
				DEBUG_INFORMATION_FORMAT = "dwarf-with-dsym";
				ENABLE_NS_ASSERTIONS = NO;
				ENABLE_STRICT_OBJC_MSGSEND = YES;
				GCC_C_LANGUAGE_STANDARD = gnu11;
				GCC_NO_COMMON_BLOCKS = YES;
				GCC_WARN_64_TO_32_BIT_CONVERSION = YES;
				GCC_WARN_ABOUT_RETURN_TYPE = YES_ERROR;
				GCC_WARN_UNDECLARED_SELECTOR = YES;
				GCC_WARN_UNINITIALIZED_AUTOS = YES_AGGRESSIVE;
				GCC_WARN_UNUSED_FUNCTION = YES;
				GCC_WARN_UNUSED_VARIABLE = YES;
				IPHONEOS_DEPLOYMENT_TARGET = 16.4;
				MTL_ENABLE_DEBUG_INFO = NO;
				MTL_FAST_MATH = YES;
				SDKROOT = iphoneos;
				SWIFT_COMPILATION_MODE = wholemodule;
				SWIFT_OPTIMIZATION_LEVEL = "-O";
				VALIDATE_PRODUCT = YES;
			};
			name = Release;
		};
		FA8356B62A8D3A30001769E8 /* Debug */ = {
			isa = XCBuildConfiguration;
			buildSettings = {
				ASSETCATALOG_COMPILER_APPICON_NAME = AppIcon;
				ASSETCATALOG_COMPILER_GLOBAL_ACCENT_COLOR_NAME = AccentColor;
				CODE_SIGN_STYLE = Automatic;
				CURRENT_PROJECT_VERSION = 1;
				DEVELOPMENT_TEAM = 5WNGG93AJL;
				GENERATE_INFOPLIST_FILE = YES;
				INFOPLIST_FILE = AvitoTestApp/App/Info.plist;
				INFOPLIST_KEY_UIApplicationSupportsIndirectInputEvents = YES;
				INFOPLIST_KEY_UILaunchStoryboardName = LaunchScreen;
				INFOPLIST_KEY_UIMainStoryboardFile = Main;
				INFOPLIST_KEY_UISupportedInterfaceOrientations = UIInterfaceOrientationPortrait;
				INFOPLIST_KEY_UISupportedInterfaceOrientations_iPad = "UIInterfaceOrientationLandscapeLeft UIInterfaceOrientationLandscapeRight UIInterfaceOrientationPortrait UIInterfaceOrientationPortraitUpsideDown";
				LD_RUNPATH_SEARCH_PATHS = (
					"$(inherited)",
					"@executable_path/Frameworks",
				);
				MARKETING_VERSION = 1.0;
				PRODUCT_BUNDLE_IDENTIFIER = "Zhulai-Alex.AvitoTestApp";
				PRODUCT_NAME = "$(TARGET_NAME)";
				SUPPORTED_PLATFORMS = "iphoneos iphonesimulator";
				SUPPORTS_MACCATALYST = NO;
				SUPPORTS_MAC_DESIGNED_FOR_IPHONE_IPAD = NO;
				SWIFT_EMIT_LOC_STRINGS = YES;
				SWIFT_VERSION = 5.0;
				TARGETED_DEVICE_FAMILY = 1;
			};
			name = Debug;
		};
		FA8356B72A8D3A30001769E8 /* Release */ = {
			isa = XCBuildConfiguration;
			buildSettings = {
				ASSETCATALOG_COMPILER_APPICON_NAME = AppIcon;
				ASSETCATALOG_COMPILER_GLOBAL_ACCENT_COLOR_NAME = AccentColor;
				CODE_SIGN_STYLE = Automatic;
				CURRENT_PROJECT_VERSION = 1;
				DEVELOPMENT_TEAM = 5WNGG93AJL;
				GENERATE_INFOPLIST_FILE = YES;
				INFOPLIST_FILE = AvitoTestApp/App/Info.plist;
				INFOPLIST_KEY_UIApplicationSupportsIndirectInputEvents = YES;
				INFOPLIST_KEY_UILaunchStoryboardName = LaunchScreen;
				INFOPLIST_KEY_UIMainStoryboardFile = Main;
				INFOPLIST_KEY_UISupportedInterfaceOrientations = UIInterfaceOrientationPortrait;
				INFOPLIST_KEY_UISupportedInterfaceOrientations_iPad = "UIInterfaceOrientationLandscapeLeft UIInterfaceOrientationLandscapeRight UIInterfaceOrientationPortrait UIInterfaceOrientationPortraitUpsideDown";
				LD_RUNPATH_SEARCH_PATHS = (
					"$(inherited)",
					"@executable_path/Frameworks",
				);
				MARKETING_VERSION = 1.0;
				PRODUCT_BUNDLE_IDENTIFIER = "Zhulai-Alex.AvitoTestApp";
				PRODUCT_NAME = "$(TARGET_NAME)";
				SUPPORTED_PLATFORMS = "iphoneos iphonesimulator";
				SUPPORTS_MACCATALYST = NO;
				SUPPORTS_MAC_DESIGNED_FOR_IPHONE_IPAD = NO;
				SWIFT_EMIT_LOC_STRINGS = YES;
				SWIFT_VERSION = 5.0;
				TARGETED_DEVICE_FAMILY = 1;
			};
			name = Release;
		};
/* End XCBuildConfiguration section */

/* Begin XCConfigurationList section */
		FA83569C2A8D3A2F001769E8 /* Build configuration list for PBXProject "AvitoTestApp" */ = {
			isa = XCConfigurationList;
			buildConfigurations = (
				FA8356B32A8D3A30001769E8 /* Debug */,
				FA8356B42A8D3A30001769E8 /* Release */,
			);
			defaultConfigurationIsVisible = 0;
			defaultConfigurationName = Release;
		};
		FA8356B52A8D3A30001769E8 /* Build configuration list for PBXNativeTarget "AvitoTestApp" */ = {
			isa = XCConfigurationList;
			buildConfigurations = (
				FA8356B62A8D3A30001769E8 /* Debug */,
				FA8356B72A8D3A30001769E8 /* Release */,
			);
			defaultConfigurationIsVisible = 0;
			defaultConfigurationName = Release;
		};
/* End XCConfigurationList section */
	};
	rootObject = FA8356992A8D3A2F001769E8 /* Project object */;
}
